Microsoft Visual Studio Solution File, Format Version 12.00
# Visual Studio Version 17
VisualStudioVersion = 17.5.2.0
MinimumVisualStudioVersion = 10.0.40219.1
Project("{FAE04EC0-301F-11D3-BF4B-00C04F79EFBC}") = "workshop.tests", "workshop.tests.csproj", "{315AB7A9-8AED-5C67-A167-4C25F5B5AA77}"
EndProject
Global
	GlobalSection(SolutionConfigurationPlatforms) = preSolution
		Debug|Any CPU = Debug|Any CPU
		Release|Any CPU = Release|Any CPU
	EndGlobalSection
	GlobalSection(ProjectConfigurationPlatforms) = postSolution
		{315AB7A9-8AED-5C67-A167-4C25F5B5AA77}.Debug|Any CPU.ActiveCfg = Debug|Any CPU
		{315AB7A9-8AED-5C67-A167-4C25F5B5AA77}.Debug|Any CPU.Build.0 = Debug|Any CPU
		{315AB7A9-8AED-5C67-A167-4C25F5B5AA77}.Release|Any CPU.ActiveCfg = Release|Any CPU
		{315AB7A9-8AED-5C67-A167-4C25F5B5AA77}.Release|Any CPU.Build.0 = Release|Any CPU
	EndGlobalSection
	GlobalSection(SolutionProperties) = preSolution
		HideSolutionNode = FALSE
	EndGlobalSection
	GlobalSection(ExtensibilityGlobals) = postSolution
		SolutionGuid = {7BC4D1A0-121B-4E4F-9F0D-C5CC20479E3F}
	EndGlobalSection
EndGlobal
